
Microsoft Visual Studio Solution File, Format Version 12.00
# Visual Studio Version 17
VisualStudioVersion = 17.0.31903.59
MinimumVisualStudioVersion = 10.0.40219.1
Project("{2150E333-8FDC-42A3-9474-1A3956D46DE8}") = "src", "src", "{87278A45-8E18-4F2E-956A-7F139376B018}"
EndProject
Project("{FAE04EC0-301F-11D3-BF4B-00C04F79EFBC}") = "ArtToCart.Api", "src\ArtToCart.Api\ArtToCart.Api.csproj", "{78E74063-98E2-4796-8B84-0E46820215D8}"
EndProject
Project("{2150E333-8FDC-42A3-9474-1A3956D46DE8}") = "Solution Items", "Solution Items", "{2B652938-E34F-460E-AA22-D8DE01878292}"
	ProjectSection(SolutionItems) = preProject
		docker-compose.yml = docker-compose.yml
		README.md = README.md
	EndProjectSection
EndProject
Project("{2150E333-8FDC-42A3-9474-1A3956D46DE8}") = "BuildingBlocks", "BuildingBlocks", "{7ACCEA74-2904-4641-A4F3-87350EBC4F01}"
EndProject
Project("{FAE04EC0-301F-11D3-BF4B-00C04F79EFBC}") = "ArtToCart.Core", "src\BuildingBlocks\ArtToCart.Core\ArtToCart.Core.csproj", "{AE0C920D-B028-4F45-81A0-8582DC510D29}"
EndProject
Project("{2150E333-8FDC-42A3-9474-1A3956D46DE8}") = "Modules", "Modules", "{27336318-9216-4ACC-B1C9-53E77698D4A8}"
EndProject
Project("{FAE04EC0-301F-11D3-BF4B-00C04F79EFBC}") = "ArtToCart.Modules.Customers", "src\Modules\ArtToCart.Modules.Customers\ArtToCart.Modules.Customers.csproj", "{A67B90F7-648D-4276-BE31-2F005E67AB30}"
EndProject
Project("{FAE04EC0-301F-11D3-BF4B-00C04F79EFBC}") = "ArtToCart.Modules.Catalogs", "src\Modules\ArtToCart.Modules.Catalogs\ArtToCart.Modules.Catalogs.csproj", "{65434455-4FC4-4F92-9F7F-7B0B6F30CE89}"
EndProject
Project("{FAE04EC0-301F-11D3-BF4B-00C04F79EFBC}") = "ArtToCart.Modules.Orders", "src\Modules\ArtToCart.Modules.Orders\ArtToCart.Modules.Orders.csproj", "{5BAB8A88-7589-40BD-8130-AC2791D000F6}"
EndProject
Global
	GlobalSection(SolutionConfigurationPlatforms) = preSolution
		Debug|Any CPU = Debug|Any CPU
		Release|Any CPU = Release|Any CPU
	EndGlobalSection
	GlobalSection(SolutionProperties) = preSolution
		HideSolutionNode = FALSE
	EndGlobalSection
	GlobalSection(ProjectConfigurationPlatforms) = postSolution
		{78E74063-98E2-4796-8B84-0E46820215D8}.Debug|Any CPU.ActiveCfg = Debug|Any CPU
		{78E74063-98E2-4796-8B84-0E46820215D8}.Debug|Any CPU.Build.0 = Debug|Any CPU
		{78E74063-98E2-4796-8B84-0E46820215D8}.Release|Any CPU.ActiveCfg = Release|Any CPU
		{78E74063-98E2-4796-8B84-0E46820215D8}.Release|Any CPU.Build.0 = Release|Any CPU
		{AE0C920D-B028-4F45-81A0-8582DC510D29}.Debug|Any CPU.ActiveCfg = Debug|Any CPU
		{AE0C920D-B028-4F45-81A0-8582DC510D29}.Debug|Any CPU.Build.0 = Debug|Any CPU
		{AE0C920D-B028-4F45-81A0-8582DC510D29}.Release|Any CPU.ActiveCfg = Release|Any CPU
		{AE0C920D-B028-4F45-81A0-8582DC510D29}.Release|Any CPU.Build.0 = Release|Any CPU
		{A67B90F7-648D-4276-BE31-2F005E67AB30}.Debug|Any CPU.ActiveCfg = Debug|Any CPU
		{A67B90F7-648D-4276-BE31-2F005E67AB30}.Debug|Any CPU.Build.0 = Debug|Any CPU
		{A67B90F7-648D-4276-BE31-2F005E67AB30}.Release|Any CPU.ActiveCfg = Release|Any CPU
		{A67B90F7-648D-4276-BE31-2F005E67AB30}.Release|Any CPU.Build.0 = Release|Any CPU
		{65434455-4FC4-4F92-9F7F-7B0B6F30CE89}.Debug|Any CPU.ActiveCfg = Debug|Any CPU
		{65434455-4FC4-4F92-9F7F-7B0B6F30CE89}.Debug|Any CPU.Build.0 = Debug|Any CPU
		{65434455-4FC4-4F92-9F7F-7B0B6F30CE89}.Release|Any CPU.ActiveCfg = Release|Any CPU
		{65434455-4FC4-4F92-9F7F-7B0B6F30CE89}.Release|Any CPU.Build.0 = Release|Any CPU
		{5BAB8A88-7589-40BD-8130-AC2791D000F6}.Debug|Any CPU.ActiveCfg = Debug|Any CPU
		{5BAB8A88-7589-40BD-8130-AC2791D000F6}.Debug|Any CPU.Build.0 = Debug|Any CPU
		{5BAB8A88-7589-40BD-8130-AC2791D000F6}.Release|Any CPU.ActiveCfg = Release|Any CPU
		{5BAB8A88-7589-40BD-8130-AC2791D000F6}.Release|Any CPU.Build.0 = Release|Any CPU
	EndGlobalSection
	GlobalSection(NestedProjects) = preSolution
		{78E74063-98E2-4796-8B84-0E46820215D8} = {87278A45-8E18-4F2E-956A-7F139376B018}
		{7ACCEA74-2904-4641-A4F3-87350EBC4F01} = {87278A45-8E18-4F2E-956A-7F139376B018}
		{AE0C920D-B028-4F45-81A0-8582DC510D29} = {7ACCEA74-2904-4641-A4F3-87350EBC4F01}
		{27336318-9216-4ACC-B1C9-53E77698D4A8} = {87278A45-8E18-4F2E-956A-7F139376B018}
		{A67B90F7-648D-4276-BE31-2F005E67AB30} = {27336318-9216-4ACC-B1C9-53E77698D4A8}
		{65434455-4FC4-4F92-9F7F-7B0B6F30CE89} = {27336318-9216-4ACC-B1C9-53E77698D4A8}
		{5BAB8A88-7589-40BD-8130-AC2791D000F6} = {27336318-9216-4ACC-B1C9-53E77698D4A8}
	EndGlobalSection
EndGlobal
